
Microsoft Visual Studio Solution File, Format Version 12.00
# Visual Studio Version 17
VisualStudioVersion = 17.13.35806.99 d17.13
MinimumVisualStudioVersion = 10.0.40219.1
Project("{FAE04EC0-301F-11D3-BF4B-00C04F79EFBC}") = "PageTurner", "PageTurner\PageTurner.csproj", "{7AD9B887-01C3-48B8-8DDD-CE6EDE25D062}"
EndProject
Global
	GlobalSection(SolutionConfigurationPlatforms) = preSolution
		Debug|Any CPU = Debug|Any CPU
		Release|Any CPU = Release|Any CPU
	EndGlobalSection
	GlobalSection(ProjectConfigurationPlatforms) = postSolution
		{7AD9B887-01C3-48B8-8DDD-CE6EDE25D062}.Debug|Any CPU.ActiveCfg = Debug|Any CPU
		{7AD9B887-01C3-48B8-8DDD-CE6EDE25D062}.Debug|Any CPU.Build.0 = Debug|Any CPU
		{7AD9B887-01C3-48B8-8DDD-CE6EDE25D062}.Release|Any CPU.ActiveCfg = Release|Any CPU
		{7AD9B887-01C3-48B8-8DDD-CE6EDE25D062}.Release|Any CPU.Build.0 = Release|Any CPU
	EndGlobalSection
	GlobalSection(SolutionProperties) = preSolution
		HideSolutionNode = FALSE
	EndGlobalSection
	GlobalSection(ExtensibilityGlobals) = postSolution
		SolutionGuid = {61A7BC9A-D017-4434-AEDD-5EBBA71B47FC}
	EndGlobalSection
EndGlobal
